
Microsoft Visual Studio Solution File, Format Version 12.00
# Visual Studio Version 17
VisualStudioVersion = 17.10.35013.160
MinimumVisualStudioVersion = 10.0.40219.1
Project("{FAE04EC0-301F-11D3-BF4B-00C04F79EFBC}") = "GettingStarted-EFCore-p2", "GettingStarted-EFCore-p2\GettingStarted-EFCore-p2.csproj", "{05D254AF-F3D4-45E9-965A-4961A82A729A}"
EndProject
Global
	GlobalSection(SolutionConfigurationPlatforms) = preSolution
		Debug|Any CPU = Debug|Any CPU
		Release|Any CPU = Release|Any CPU
	EndGlobalSection
	GlobalSection(ProjectConfigurationPlatforms) = postSolution
		{05D254AF-F3D4-45E9-965A-4961A82A729A}.Debug|Any CPU.ActiveCfg = Debug|Any CPU
		{05D254AF-F3D4-45E9-965A-4961A82A729A}.Debug|Any CPU.Build.0 = Debug|Any CPU
		{05D254AF-F3D4-45E9-965A-4961A82A729A}.Release|Any CPU.ActiveCfg = Release|Any CPU
		{05D254AF-F3D4-45E9-965A-4961A82A729A}.Release|Any CPU.Build.0 = Release|Any CPU
	EndGlobalSection
	GlobalSection(SolutionProperties) = preSolution
		HideSolutionNode = FALSE
	EndGlobalSection
	GlobalSection(ExtensibilityGlobals) = postSolution
		SolutionGuid = {26ECFF3D-1A2F-420B-80A4-26F1472BA77F}
	EndGlobalSection
EndGlobal
